
Microsoft Visual Studio Solution File, Format Version 12.00
# Visual Studio 2012
Project("{8BC9CEB8-8B4A-11D0-8D11-00A0C91BC942}") = "TearableCloth", "TearableCloth.vcxproj", "{945EB993-E24D-4DA0-B93E-7A22D9F70F9C}"
EndProject
Global
	GlobalSection(SolutionConfigurationPlatforms) = preSolution
		Debug|Win32 = Debug|Win32
		Release|Win32 = Release|Win32
	EndGlobalSection
	GlobalSection(ProjectConfigurationPlatforms) = postSolution
		{945EB993-E24D-4DA0-B93E-7A22D9F70F9C}.Debug|Win32.ActiveCfg = Debug|Win32
		{945EB993-E24D-4DA0-B93E-7A22D9F70F9C}.Debug|Win32.Build.0 = Debug|Win32
		{945EB993-E24D-4DA0-B93E-7A22D9F70F9C}.Release|Win32.ActiveCfg = Release|Win32
		{945EB993-E24D-4DA0-B93E-7A22D9F70F9C}.Release|Win32.Build.0 = Release|Win32
	EndGlobalSection
	GlobalSection(SolutionProperties) = preSolution
		HideSolutionNode = FALSE
	EndGlobalSection
EndGlobal
